
Microsoft Visual Studio Solution File, Format Version 12.00
# Visual Studio 2012
Project("{FAE04EC0-301F-11D3-BF4B-00C04F79EFBC}") = "Prog 2", "Prog 2\Prog 2.csproj", "{50DE35B0-85B2-4A12-BE4D-82D1D7637FB0}"
EndProject
Global
	GlobalSection(SolutionConfigurationPlatforms) = preSolution
		Debug|Any CPU = Debug|Any CPU
		Release|Any CPU = Release|Any CPU
	EndGlobalSection
	GlobalSection(ProjectConfigurationPlatforms) = postSolution
		{50DE35B0-85B2-4A12-BE4D-82D1D7637FB0}.Debug|Any CPU.ActiveCfg = Debug|Any CPU
		{50DE35B0-85B2-4A12-BE4D-82D1D7637FB0}.Debug|Any CPU.Build.0 = Debug|Any CPU
		{50DE35B0-85B2-4A12-BE4D-82D1D7637FB0}.Release|Any CPU.ActiveCfg = Release|Any CPU
		{50DE35B0-85B2-4A12-BE4D-82D1D7637FB0}.Release|Any CPU.Build.0 = Release|Any CPU
	EndGlobalSection
	GlobalSection(SolutionProperties) = preSolution
		HideSolutionNode = FALSE
	EndGlobalSection
EndGlobal
